
Microsoft Visual Studio Solution File, Format Version 12.00
# Visual Studio Version 16
VisualStudioVersion = 16.0.30907.101
MinimumVisualStudioVersion = 10.0.40219.1
Project("{8BC9CEB8-8B4A-11D0-8D11-00A0C91BC942}") = "Lillabeler", "Lillabeler.vcxproj", "{9378404B-9845-4871-BFFC-CF92B9BB4A47}"
EndProject
Global
	GlobalSection(SolutionConfigurationPlatforms) = preSolution
		Debug|x64 = Debug|x64
		Debug|x86 = Debug|x86
		Release|x64 = Release|x64
		Release|x86 = Release|x86
	EndGlobalSection
	GlobalSection(ProjectConfigurationPlatforms) = postSolution
		{9378404B-9845-4871-BFFC-CF92B9BB4A47}.Debug|x64.ActiveCfg = Debug|x64
		{9378404B-9845-4871-BFFC-CF92B9BB4A47}.Debug|x64.Build.0 = Debug|x64
		{9378404B-9845-4871-BFFC-CF92B9BB4A47}.Debug|x86.ActiveCfg = Debug|x64
		{9378404B-9845-4871-BFFC-CF92B9BB4A47}.Release|x64.ActiveCfg = Release|x64
		{9378404B-9845-4871-BFFC-CF92B9BB4A47}.Release|x64.Build.0 = Release|x64
		{9378404B-9845-4871-BFFC-CF92B9BB4A47}.Release|x86.ActiveCfg = Release|x64
	EndGlobalSection
	GlobalSection(SolutionProperties) = preSolution
		HideSolutionNode = FALSE
	EndGlobalSection
	GlobalSection(ExtensibilityGlobals) = postSolution
		SolutionGuid = {2A2C4D60-A220-47EC-B4C5-A82B9F4A39B9}
	EndGlobalSection
EndGlobal
